
Microsoft Visual Studio Solution File, Format Version 12.00
# Visual Studio 15
VisualStudioVersion = 15.0.27703.2026
MinimumVisualStudioVersion = 10.0.40219.1
Project("{FAE04EC0-301F-11D3-BF4B-00C04F79EFBC}") = "AppEdoNumero", "WindowsFormsApp1\AppEdoNumero.csproj", "{B4DF2F00-FF71-4B10-8F74-1E35F83FAC73}"
EndProject
Global
	GlobalSection(SolutionConfigurationPlatforms) = preSolution
		Debug|Any CPU = Debug|Any CPU
		Release|Any CPU = Release|Any CPU
	EndGlobalSection
	GlobalSection(ProjectConfigurationPlatforms) = postSolution
		{B4DF2F00-FF71-4B10-8F74-1E35F83FAC73}.Debug|Any CPU.ActiveCfg = Debug|Any CPU
		{B4DF2F00-FF71-4B10-8F74-1E35F83FAC73}.Debug|Any CPU.Build.0 = Debug|Any CPU
		{B4DF2F00-FF71-4B10-8F74-1E35F83FAC73}.Release|Any CPU.ActiveCfg = Release|Any CPU
		{B4DF2F00-FF71-4B10-8F74-1E35F83FAC73}.Release|Any CPU.Build.0 = Release|Any CPU
	EndGlobalSection
	GlobalSection(SolutionProperties) = preSolution
		HideSolutionNode = FALSE
	EndGlobalSection
	GlobalSection(ExtensibilityGlobals) = postSolution
		SolutionGuid = {DEA62C31-07E6-4B27-BF81-68997B796AD7}
	EndGlobalSection
EndGlobal
